
Microsoft Visual Studio Solution File, Format Version 12.00
# Visual Studio 15
VisualStudioVersion = 15.0.26730.16
MinimumVisualStudioVersion = 10.0.40219.1
Project("{FAE04EC0-301F-11D3-BF4B-00C04F79EFBC}") = "demoApp", "demoApp\demoApp.csproj", "{53F03228-9EF0-45EB-892C-162FEF47AB69}"
EndProject
Project("{FAE04EC0-301F-11D3-BF4B-00C04F79EFBC}") = "demoApp.Tests", "demoApp.Tests\demoApp.Tests.csproj", "{91300E24-7F0D-4726-8A33-AA726B78D275}"
EndProject
Global
	GlobalSection(SolutionConfigurationPlatforms) = preSolution
		Debug|Any CPU = Debug|Any CPU
		Release|Any CPU = Release|Any CPU
	EndGlobalSection
	GlobalSection(ProjectConfigurationPlatforms) = postSolution
		{53F03228-9EF0-45EB-892C-162FEF47AB69}.Debug|Any CPU.ActiveCfg = Debug|Any CPU
		{53F03228-9EF0-45EB-892C-162FEF47AB69}.Debug|Any CPU.Build.0 = Debug|Any CPU
		{53F03228-9EF0-45EB-892C-162FEF47AB69}.Release|Any CPU.ActiveCfg = Release|Any CPU
		{53F03228-9EF0-45EB-892C-162FEF47AB69}.Release|Any CPU.Build.0 = Release|Any CPU
		{91300E24-7F0D-4726-8A33-AA726B78D275}.Debug|Any CPU.ActiveCfg = Debug|Any CPU
		{91300E24-7F0D-4726-8A33-AA726B78D275}.Debug|Any CPU.Build.0 = Debug|Any CPU
		{91300E24-7F0D-4726-8A33-AA726B78D275}.Release|Any CPU.ActiveCfg = Release|Any CPU
		{91300E24-7F0D-4726-8A33-AA726B78D275}.Release|Any CPU.Build.0 = Release|Any CPU
	EndGlobalSection
	GlobalSection(SolutionProperties) = preSolution
		HideSolutionNode = FALSE
	EndGlobalSection
	GlobalSection(ExtensibilityGlobals) = postSolution
		SolutionGuid = {AA4293F1-6261-4D30-80E2-4C21E094761E}
	EndGlobalSection
EndGlobal
